<?xml version="1.0" encoding="utf-8"?>
<Project ToolsVersion="4.0" xmlns="http://schemas.microsoft.com/developer/msbuild/2003">
  <ItemGroup>
    <ClInclude Include="Main.h" />
    <ClInclude Include="stdafx.h" />
    <ClInclude Include="Mutal.h" />
    <ClInclude Include="MainGameScene.h">
      <Filter>Scene</Filter>
    </ClInclude>
    <ClInclude Include="IntroScene.h">
      <Filter>Scene</Filter>
    </ClInclude>
    <ClInclude Include="GameGUI.h">
      <Filter>GameObject</Filter>
    </ClInclude>
    <ClInclude Include="GUIStruct.h">
      <Filter>GameObject</Filter>
    </ClInclude>
    <ClInclude Include="ASRChest.h">
      <Filter>GameObject</Filter>
    </ClInclude>
    <ClInclude Include="common.h" />
    <ClInclude Include="Item.h">
      <Filter>GameItem</Filter>
    </ClInclude>
    <ClInclude Include="Character.h">
      <Filter>GameCharacter</Filter>
    </ClInclude>
    <ClInclude Include="Player.h">
      <Filter>GameCharacter</Filter>
    </ClInclude>
    <ClInclude Include="ASRBullet.h">
      <Filter>GameItem\CONSUM</Filter>
    </ClInclude>
    <ClInclude Include="ASRGuided.h">
      <Filter>GameItem\CONSUM</Filter>
    </ClInclude>
    <ClInclude Include="ASRGun.h">
      <Filter>GameItem\WEAPON</Filter>
    </ClInclude>
    <ClInclude Include="GunBasic.h">
      <Filter>GameItem\WEAPON</Filter>
    </ClInclude>
    <ClInclude Include="GunGuided.h">
      <Filter>GameItem\WEAPON</Filter>
    </ClInclude>
  </ItemGroup>
  <ItemGroup>
    <ClCompile Include="Main.cpp" />
    <ClCompile Include="Mutal.cpp" />
    <ClCompile Include="IntroScene.cpp">
      <Filter>Scene</Filter>
    </ClCompile>
    <ClCompile Include="MainGameScene.cpp">
      <Filter>Scene</Filter>
    </ClCompile>
    <ClCompile Include="GameGUI.cpp">
      <Filter>GameObject</Filter>
    </ClCompile>
    <ClCompile Include="ASRChest.cpp">
      <Filter>GameObject</Filter>
    </ClCompile>
    <ClCompile Include="Item.cpp">
      <Filter>GameItem</Filter>
    </ClCompile>
    <ClCompile Include="Character.cpp">
      <Filter>GameCharacter</Filter>
    </ClCompile>
    <ClCompile Include="Player.cpp">
      <Filter>GameCharacter</Filter>
    </ClCompile>
    <ClCompile Include="ASRBullet.cpp">
      <Filter>GameItem\CONSUM</Filter>
    </ClCompile>
    <ClCompile Include="ASRGuided.cpp">
      <Filter>GameItem\CONSUM</Filter>
    </ClCompile>
    <ClCompile Include="ASRGun.cpp">
      <Filter>GameItem\WEAPON</Filter>
    </ClCompile>
    <ClCompile Include="GunBasic.cpp">
      <Filter>GameItem\WEAPON</Filter>
    </ClCompile>
    <ClCompile Include="GunGuided.cpp">
      <Filter>GameItem\WEAPON</Filter>
    </ClCompile>
  </ItemGroup>
  <ItemGroup>
    <Filter Include="GameObject">
      <UniqueIdentifier>{355ff697-d03c-4bdd-bdae-32eee4c60bf3}</UniqueIdentifier>
    </Filter>
    <Filter Include="Scene">
      <UniqueIdentifier>{5fe7cd7a-5e60-473c-9362-398110999fca}</UniqueIdentifier>
    </Filter>
    <Filter Include="GameItem">
      <UniqueIdentifier>{da1a63b9-6f80-4a37-8617-dc7d0f71f5ef}</UniqueIdentifier>
    </Filter>
    <Filter Include="GameCharacter">
      <UniqueIdentifier>{09392bc6-9cde-436f-bd6d-bd6939253ad4}</UniqueIdentifier>
    </Filter>
    <Filter Include="GameItem\CONSUM">
      <UniqueIdentifier>{7c7a5a94-78d2-48d8-85e0-4ae7fd7a6e17}</UniqueIdentifier>
    </Filter>
    <Filter Include="GameItem\WEAPON">
      <UniqueIdentifier>{39244f04-505d-485c-82e3-b870f60f2bfb}</UniqueIdentifier>
    </Filter>
    <Filter Include="GameItem\STUFF">
      <UniqueIdentifier>{205e3d4a-e44a-4cbf-9d97-417c1ce1d643}</UniqueIdentifier>
    </Filter>
  </ItemGroup>
  <ItemGroup>
    <None Include="window.ini" />
  </ItemGroup>
</Project>